
Microsoft Visual Studio Solution File, Format Version 12.00
# Visual Studio Version 17
VisualStudioVersion = 17.9.34622.214
MinimumVisualStudioVersion = 10.0.40219.1
Project("{8BC9CEB8-8B4A-11D0-8D11-00A0C91BC942}") = "Section6", "Section6\Section6.vcxproj", "{6F6B3658-6D76-435B-AA83-43A5A9533BAD}"
EndProject
Project("{8BC9CEB8-8B4A-11D0-8D11-00A0C91BC942}") = "Maze", "Maze\Maze.vcxproj", "{696D5660-E30B-49DD-A22C-69059B6E855B}"
EndProject
Global
	GlobalSection(SolutionConfigurationPlatforms) = preSolution
		Debug|x64 = Debug|x64
		Debug|x86 = Debug|x86
		Release|x64 = Release|x64
		Release|x86 = Release|x86
	EndGlobalSection
	GlobalSection(ProjectConfigurationPlatforms) = postSolution
		{6F6B3658-6D76-435B-AA83-43A5A9533BAD}.Debug|x64.ActiveCfg = Debug|x64
		{6F6B3658-6D76-435B-AA83-43A5A9533BAD}.Debug|x64.Build.0 = Debug|x64
		{6F6B3658-6D76-435B-AA83-43A5A9533BAD}.Debug|x86.ActiveCfg = Debug|Win32
		{6F6B3658-6D76-435B-AA83-43A5A9533BAD}.Debug|x86.Build.0 = Debug|Win32
		{6F6B3658-6D76-435B-AA83-43A5A9533BAD}.Release|x64.ActiveCfg = Release|x64
		{6F6B3658-6D76-435B-AA83-43A5A9533BAD}.Release|x64.Build.0 = Release|x64
		{6F6B3658-6D76-435B-AA83-43A5A9533BAD}.Release|x86.ActiveCfg = Release|Win32
		{6F6B3658-6D76-435B-AA83-43A5A9533BAD}.Release|x86.Build.0 = Release|Win32
		{696D5660-E30B-49DD-A22C-69059B6E855B}.Debug|x64.ActiveCfg = Debug|x64
		{696D5660-E30B-49DD-A22C-69059B6E855B}.Debug|x64.Build.0 = Debug|x64
		{696D5660-E30B-49DD-A22C-69059B6E855B}.Debug|x86.ActiveCfg = Debug|Win32
		{696D5660-E30B-49DD-A22C-69059B6E855B}.Debug|x86.Build.0 = Debug|Win32
		{696D5660-E30B-49DD-A22C-69059B6E855B}.Release|x64.ActiveCfg = Release|x64
		{696D5660-E30B-49DD-A22C-69059B6E855B}.Release|x64.Build.0 = Release|x64
		{696D5660-E30B-49DD-A22C-69059B6E855B}.Release|x86.ActiveCfg = Release|Win32
		{696D5660-E30B-49DD-A22C-69059B6E855B}.Release|x86.Build.0 = Release|Win32
	EndGlobalSection
	GlobalSection(SolutionProperties) = preSolution
		HideSolutionNode = FALSE
	EndGlobalSection
	GlobalSection(ExtensibilityGlobals) = postSolution
		SolutionGuid = {17D50DBF-86C7-4418-A34D-5F5A9CE766DC}
	EndGlobalSection
EndGlobal
